
Microsoft Visual Studio Solution File, Format Version 12.00
# Visual Studio Version 17
VisualStudioVersion = 17.0.32014.148
MinimumVisualStudioVersion = 10.0.40219.1
Project("{FAE04EC0-301F-11D3-BF4B-00C04F79EFBC}") = "TestingIntro", "TestingIntro\TestingIntro.csproj", "{1CEE596D-9611-44A7-836D-A764391D47E8}"
EndProject
Project("{FAE04EC0-301F-11D3-BF4B-00C04F79EFBC}") = "TestingIntro.BLL", "TestingIntro.BLL\TestingIntro.BLL.csproj", "{2998A2D4-C0BC-4D58-9425-CBBB5AA2981F}"
EndProject
Project("{FAE04EC0-301F-11D3-BF4B-00C04F79EFBC}") = "TestingIntro.Tests", "TestingIntro.Tests\TestingIntro.Tests.csproj", "{60576A78-5A99-4219-9E5C-8C797491E56C}"
EndProject
Global
	GlobalSection(SolutionConfigurationPlatforms) = preSolution
		Debug|Any CPU = Debug|Any CPU
		Release|Any CPU = Release|Any CPU
	EndGlobalSection
	GlobalSection(ProjectConfigurationPlatforms) = postSolution
		{1CEE596D-9611-44A7-836D-A764391D47E8}.Debug|Any CPU.ActiveCfg = Debug|Any CPU
		{1CEE596D-9611-44A7-836D-A764391D47E8}.Debug|Any CPU.Build.0 = Debug|Any CPU
		{1CEE596D-9611-44A7-836D-A764391D47E8}.Release|Any CPU.ActiveCfg = Release|Any CPU
		{1CEE596D-9611-44A7-836D-A764391D47E8}.Release|Any CPU.Build.0 = Release|Any CPU
		{2998A2D4-C0BC-4D58-9425-CBBB5AA2981F}.Debug|Any CPU.ActiveCfg = Debug|Any CPU
		{2998A2D4-C0BC-4D58-9425-CBBB5AA2981F}.Debug|Any CPU.Build.0 = Debug|Any CPU
		{2998A2D4-C0BC-4D58-9425-CBBB5AA2981F}.Release|Any CPU.ActiveCfg = Release|Any CPU
		{2998A2D4-C0BC-4D58-9425-CBBB5AA2981F}.Release|Any CPU.Build.0 = Release|Any CPU
		{60576A78-5A99-4219-9E5C-8C797491E56C}.Debug|Any CPU.ActiveCfg = Debug|Any CPU
		{60576A78-5A99-4219-9E5C-8C797491E56C}.Debug|Any CPU.Build.0 = Debug|Any CPU
		{60576A78-5A99-4219-9E5C-8C797491E56C}.Release|Any CPU.ActiveCfg = Release|Any CPU
		{60576A78-5A99-4219-9E5C-8C797491E56C}.Release|Any CPU.Build.0 = Release|Any CPU
	EndGlobalSection
	GlobalSection(SolutionProperties) = preSolution
		HideSolutionNode = FALSE
	EndGlobalSection
	GlobalSection(ExtensibilityGlobals) = postSolution
		SolutionGuid = {E1C44997-E1F3-48AE-B32A-FF9E68752063}
	EndGlobalSection
EndGlobal
